
Microsoft Visual Studio Solution File, Format Version 11.00
# Visual Studio 2010
Project("{FAE04EC0-301F-11D3-BF4B-00C04F79EFBC}") = "Arch-VR", "Assembly-CSharp.csproj", "{DD77EC9C-031C-8616-C4BA-BF5E7BD1DE9D}"
EndProject
Project("{FAE04EC0-301F-11D3-BF4B-00C04F79EFBC}") = "Arch-VR", "Assembly-CSharp-Editor.csproj", "{E9C7FB84-2A10-CC08-54F2-B10E2999E34D}"
EndProject
Global
	GlobalSection(SolutionConfigurationPlatforms) = preSolution
		Debug|Any CPU = Debug|Any CPU
		Release|Any CPU = Release|Any CPU
	EndGlobalSection
	GlobalSection(ProjectConfigurationPlatforms) = postSolution
		{DD77EC9C-031C-8616-C4BA-BF5E7BD1DE9D}.Debug|Any CPU.ActiveCfg = Debug|Any CPU
		{DD77EC9C-031C-8616-C4BA-BF5E7BD1DE9D}.Debug|Any CPU.Build.0 = Debug|Any CPU
		{DD77EC9C-031C-8616-C4BA-BF5E7BD1DE9D}.Release|Any CPU.ActiveCfg = Release|Any CPU
		{DD77EC9C-031C-8616-C4BA-BF5E7BD1DE9D}.Release|Any CPU.Build.0 = Release|Any CPU
		{E9C7FB84-2A10-CC08-54F2-B10E2999E34D}.Debug|Any CPU.ActiveCfg = Debug|Any CPU
		{E9C7FB84-2A10-CC08-54F2-B10E2999E34D}.Debug|Any CPU.Build.0 = Debug|Any CPU
		{E9C7FB84-2A10-CC08-54F2-B10E2999E34D}.Release|Any CPU.ActiveCfg = Release|Any CPU
		{E9C7FB84-2A10-CC08-54F2-B10E2999E34D}.Release|Any CPU.Build.0 = Release|Any CPU
	EndGlobalSection
	GlobalSection(SolutionProperties) = preSolution
		HideSolutionNode = FALSE
	EndGlobalSection
	GlobalSection(MonoDevelopProperties) = preSolution
		StartupItem = Assembly-CSharp.csproj
	EndGlobalSection
EndGlobal
