
Microsoft Visual Studio Solution File, Format Version 12.00
# Visual Studio 2015
Project("{FAE04EC0-301F-11D3-BF4B-00C04F79EFBC}") = "Arch-VR-v2", "Arch-VR-v2.csproj", "{978437E2-1B3B-C421-C2A7-F4242E05AFAD}"
EndProject
Project("{FAE04EC0-301F-11D3-BF4B-00C04F79EFBC}") = "Arch-VR-v2.Editor", "Arch-VR-v2.Editor.csproj", "{0FB96DC8-19BC-E4BC-3951-291F44CE23CE}"
EndProject
Global
	GlobalSection(SolutionConfigurationPlatforms) = preSolution
		Debug|Any CPU = Debug|Any CPU
		Release|Any CPU = Release|Any CPU
	EndGlobalSection
	GlobalSection(ProjectConfigurationPlatforms) = postSolution
		{978437E2-1B3B-C421-C2A7-F4242E05AFAD}.Debug|Any CPU.ActiveCfg = Debug|Any CPU
		{978437E2-1B3B-C421-C2A7-F4242E05AFAD}.Debug|Any CPU.Build.0 = Debug|Any CPU
		{978437E2-1B3B-C421-C2A7-F4242E05AFAD}.Release|Any CPU.ActiveCfg = Release|Any CPU
		{978437E2-1B3B-C421-C2A7-F4242E05AFAD}.Release|Any CPU.Build.0 = Release|Any CPU
		{0FB96DC8-19BC-E4BC-3951-291F44CE23CE}.Debug|Any CPU.ActiveCfg = Debug|Any CPU
		{0FB96DC8-19BC-E4BC-3951-291F44CE23CE}.Debug|Any CPU.Build.0 = Debug|Any CPU
		{0FB96DC8-19BC-E4BC-3951-291F44CE23CE}.Release|Any CPU.ActiveCfg = Release|Any CPU
		{0FB96DC8-19BC-E4BC-3951-291F44CE23CE}.Release|Any CPU.Build.0 = Release|Any CPU
	EndGlobalSection
	GlobalSection(SolutionProperties) = preSolution
		HideSolutionNode = FALSE
	EndGlobalSection
EndGlobal
